
Microsoft Visual Studio Solution File, Format Version 12.00
# Visual Studio Version 16
VisualStudioVersion = 16.0.29519.87
MinimumVisualStudioVersion = 10.0.40219.1
Project("{FAE04EC0-301F-11D3-BF4B-00C04F79EFBC}") = "ValperAppWeb", "ValperAppWeb\ValperAppWeb.csproj", "{0B028D57-1074-45D6-A3D1-A560889837CC}"
EndProject
Global
	GlobalSection(SolutionConfigurationPlatforms) = preSolution
		Debug|Any CPU = Debug|Any CPU
		Release|Any CPU = Release|Any CPU
	EndGlobalSection
	GlobalSection(ProjectConfigurationPlatforms) = postSolution
		{0B028D57-1074-45D6-A3D1-A560889837CC}.Debug|Any CPU.ActiveCfg = Debug|Any CPU
		{0B028D57-1074-45D6-A3D1-A560889837CC}.Debug|Any CPU.Build.0 = Debug|Any CPU
		{0B028D57-1074-45D6-A3D1-A560889837CC}.Release|Any CPU.ActiveCfg = Release|Any CPU
		{0B028D57-1074-45D6-A3D1-A560889837CC}.Release|Any CPU.Build.0 = Release|Any CPU
	EndGlobalSection
	GlobalSection(SolutionProperties) = preSolution
		HideSolutionNode = FALSE
	EndGlobalSection
	GlobalSection(ExtensibilityGlobals) = postSolution
		SolutionGuid = {10E04C33-C2FB-4306-B7F0-A8ABD001E59E}
	EndGlobalSection
EndGlobal
